
Microsoft Visual Studio Solution File, Format Version 12.00
# Visual Studio Version 17
VisualStudioVersion = 17.0.31903.59
MinimumVisualStudioVersion = 10.0.40219.1
Project("{2150E333-8FDC-42A3-9474-1A3956D46DE8}") = "src", "src", "{827E0CD3-B72D-47B6-A68D-7590B98EB39B}"
EndProject
Project("{FAE04EC0-301F-11D3-BF4B-00C04F79EFBC}") = "SchoolERP.Api", "src\SchoolERP.Api\SchoolERP.Api.csproj", "{2B0A771A-320D-41F3-A81E-043C25FABC80}"
EndProject
Project("{FAE04EC0-301F-11D3-BF4B-00C04F79EFBC}") = "SchoolERP.Application", "src\SchoolERP.Application\SchoolERP.Application.csproj", "{C37249C4-B987-4CD4-81D2-3B2065DE0AC9}"
EndProject
Project("{FAE04EC0-301F-11D3-BF4B-00C04F79EFBC}") = "SchoolERP.Contracts", "src\SchoolERP.Contracts\SchoolERP.Contracts.csproj", "{4AED5386-F153-479D-A8E8-898957AD0911}"
EndProject
Project("{FAE04EC0-301F-11D3-BF4B-00C04F79EFBC}") = "SchoolERP.Domain", "src\SchoolERP.Domain\SchoolERP.Domain.csproj", "{31F529D7-0F8A-4177-8A66-9719665EACC4}"
EndProject
Project("{FAE04EC0-301F-11D3-BF4B-00C04F79EFBC}") = "SchoolERP.Infrastructure", "src\SchoolERP.Infrastructure\SchoolERP.Infrastructure.csproj", "{B33C4166-ADF0-4369-B26C-993953808E55}"
EndProject
Project("{2150E333-8FDC-42A3-9474-1A3956D46DE8}") = "tests", "tests", "{0AB3BF05-4346-4AA6-1389-037BE0695223}"
EndProject
Project("{FAE04EC0-301F-11D3-BF4B-00C04F79EFBC}") = "SchoolERP.ArchitectureTests", "tests\SchoolERP.ArchitectureTests\SchoolERP.ArchitectureTests.csproj", "{EFFE5C7E-F0A5-4B2E-83DD-AECA6A1AAC4C}"
EndProject
Project("{FAE04EC0-301F-11D3-BF4B-00C04F79EFBC}") = "SchoolERP.IntegrationTests", "tests\SchoolERP.IntegrationTests\SchoolERP.IntegrationTests.csproj", "{0A6C2A60-5F39-4C34-919B-2D8CA68C1E9B}"
EndProject
Project("{FAE04EC0-301F-11D3-BF4B-00C04F79EFBC}") = "SchoolERP.UnitTests", "tests\SchoolERP.UnitTests\SchoolERP.UnitTests.csproj", "{87963B6F-950E-4F99-9606-FE05AF708211}"
EndProject
Global
	GlobalSection(SolutionConfigurationPlatforms) = preSolution
		Debug|Any CPU = Debug|Any CPU
		Debug|x64 = Debug|x64
		Debug|x86 = Debug|x86
		Release|Any CPU = Release|Any CPU
		Release|x64 = Release|x64
		Release|x86 = Release|x86
	EndGlobalSection
	GlobalSection(ProjectConfigurationPlatforms) = postSolution
		{2B0A771A-320D-41F3-A81E-043C25FABC80}.Debug|Any CPU.ActiveCfg = Debug|Any CPU
		{2B0A771A-320D-41F3-A81E-043C25FABC80}.Debug|Any CPU.Build.0 = Debug|Any CPU
		{2B0A771A-320D-41F3-A81E-043C25FABC80}.Debug|x64.ActiveCfg = Debug|Any CPU
		{2B0A771A-320D-41F3-A81E-043C25FABC80}.Debug|x64.Build.0 = Debug|Any CPU
		{2B0A771A-320D-41F3-A81E-043C25FABC80}.Debug|x86.ActiveCfg = Debug|Any CPU
		{2B0A771A-320D-41F3-A81E-043C25FABC80}.Debug|x86.Build.0 = Debug|Any CPU
		{2B0A771A-320D-41F3-A81E-043C25FABC80}.Release|Any CPU.ActiveCfg = Release|Any CPU
		{2B0A771A-320D-41F3-A81E-043C25FABC80}.Release|Any CPU.Build.0 = Release|Any CPU
		{2B0A771A-320D-41F3-A81E-043C25FABC80}.Release|x64.ActiveCfg = Release|Any CPU
		{2B0A771A-320D-41F3-A81E-043C25FABC80}.Release|x64.Build.0 = Release|Any CPU
		{2B0A771A-320D-41F3-A81E-043C25FABC80}.Release|x86.ActiveCfg = Release|Any CPU
		{2B0A771A-320D-41F3-A81E-043C25FABC80}.Release|x86.Build.0 = Release|Any CPU
		{C37249C4-B987-4CD4-81D2-3B2065DE0AC9}.Debug|Any CPU.ActiveCfg = Debug|Any CPU
		{C37249C4-B987-4CD4-81D2-3B2065DE0AC9}.Debug|Any CPU.Build.0 = Debug|Any CPU
		{C37249C4-B987-4CD4-81D2-3B2065DE0AC9}.Debug|x64.ActiveCfg = Debug|Any CPU
		{C37249C4-B987-4CD4-81D2-3B2065DE0AC9}.Debug|x64.Build.0 = Debug|Any CPU
		{C37249C4-B987-4CD4-81D2-3B2065DE0AC9}.Debug|x86.ActiveCfg = Debug|Any CPU
		{C37249C4-B987-4CD4-81D2-3B2065DE0AC9}.Debug|x86.Build.0 = Debug|Any CPU
		{C37249C4-B987-4CD4-81D2-3B2065DE0AC9}.Release|Any CPU.ActiveCfg = Release|Any CPU
		{C37249C4-B987-4CD4-81D2-3B2065DE0AC9}.Release|Any CPU.Build.0 = Release|Any CPU
		{C37249C4-B987-4CD4-81D2-3B2065DE0AC9}.Release|x64.ActiveCfg = Release|Any CPU
		{C37249C4-B987-4CD4-81D2-3B2065DE0AC9}.Release|x64.Build.0 = Release|Any CPU
		{C37249C4-B987-4CD4-81D2-3B2065DE0AC9}.Release|x86.ActiveCfg = Release|Any CPU
		{C37249C4-B987-4CD4-81D2-3B2065DE0AC9}.Release|x86.Build.0 = Release|Any CPU
		{4AED5386-F153-479D-A8E8-898957AD0911}.Debug|Any CPU.ActiveCfg = Debug|Any CPU
		{4AED5386-F153-479D-A8E8-898957AD0911}.Debug|Any CPU.Build.0 = Debug|Any CPU
		{4AED5386-F153-479D-A8E8-898957AD0911}.Debug|x64.ActiveCfg = Debug|Any CPU
		{4AED5386-F153-479D-A8E8-898957AD0911}.Debug|x64.Build.0 = Debug|Any CPU
		{4AED5386-F153-479D-A8E8-898957AD0911}.Debug|x86.ActiveCfg = Debug|Any CPU
		{4AED5386-F153-479D-A8E8-898957AD0911}.Debug|x86.Build.0 = Debug|Any CPU
		{4AED5386-F153-479D-A8E8-898957AD0911}.Release|Any CPU.ActiveCfg = Release|Any CPU
		{4AED5386-F153-479D-A8E8-898957AD0911}.Release|Any CPU.Build.0 = Release|Any CPU
		{4AED5386-F153-479D-A8E8-898957AD0911}.Release|x64.ActiveCfg = Release|Any CPU
		{4AED5386-F153-479D-A8E8-898957AD0911}.Release|x64.Build.0 = Release|Any CPU
		{4AED5386-F153-479D-A8E8-898957AD0911}.Release|x86.ActiveCfg = Release|Any CPU
		{4AED5386-F153-479D-A8E8-898957AD0911}.Release|x86.Build.0 = Release|Any CPU
		{31F529D7-0F8A-4177-8A66-9719665EACC4}.Debug|Any CPU.ActiveCfg = Debug|Any CPU
		{31F529D7-0F8A-4177-8A66-9719665EACC4}.Debug|Any CPU.Build.0 = Debug|Any CPU
		{31F529D7-0F8A-4177-8A66-9719665EACC4}.Debug|x64.ActiveCfg = Debug|Any CPU
		{31F529D7-0F8A-4177-8A66-9719665EACC4}.Debug|x64.Build.0 = Debug|Any CPU
		{31F529D7-0F8A-4177-8A66-9719665EACC4}.Debug|x86.ActiveCfg = Debug|Any CPU
		{31F529D7-0F8A-4177-8A66-9719665EACC4}.Debug|x86.Build.0 = Debug|Any CPU
		{31F529D7-0F8A-4177-8A66-9719665EACC4}.Release|Any CPU.ActiveCfg = Release|Any CPU
		{31F529D7-0F8A-4177-8A66-9719665EACC4}.Release|Any CPU.Build.0 = Release|Any CPU
		{31F529D7-0F8A-4177-8A66-9719665EACC4}.Release|x64.ActiveCfg = Release|Any CPU
		{31F529D7-0F8A-4177-8A66-9719665EACC4}.Release|x64.Build.0 = Release|Any CPU
		{31F529D7-0F8A-4177-8A66-9719665EACC4}.Release|x86.ActiveCfg = Release|Any CPU
		{31F529D7-0F8A-4177-8A66-9719665EACC4}.Release|x86.Build.0 = Release|Any CPU
		{B33C4166-ADF0-4369-B26C-993953808E55}.Debug|Any CPU.ActiveCfg = Debug|Any CPU
		{B33C4166-ADF0-4369-B26C-993953808E55}.Debug|Any CPU.Build.0 = Debug|Any CPU
		{B33C4166-ADF0-4369-B26C-993953808E55}.Debug|x64.ActiveCfg = Debug|Any CPU
		{B33C4166-ADF0-4369-B26C-993953808E55}.Debug|x64.Build.0 = Debug|Any CPU
		{B33C4166-ADF0-4369-B26C-993953808E55}.Debug|x86.ActiveCfg = Debug|Any CPU
		{B33C4166-ADF0-4369-B26C-993953808E55}.Debug|x86.Build.0 = Debug|Any CPU
		{B33C4166-ADF0-4369-B26C-993953808E55}.Release|Any CPU.ActiveCfg = Release|Any CPU
		{B33C4166-ADF0-4369-B26C-993953808E55}.Release|Any CPU.Build.0 = Release|Any CPU
		{B33C4166-ADF0-4369-B26C-993953808E55}.Release|x64.ActiveCfg = Release|Any CPU
		{B33C4166-ADF0-4369-B26C-993953808E55}.Release|x64.Build.0 = Release|Any CPU
		{B33C4166-ADF0-4369-B26C-993953808E55}.Release|x86.ActiveCfg = Release|Any CPU
		{B33C4166-ADF0-4369-B26C-993953808E55}.Release|x86.Build.0 = Release|Any CPU
		{EFFE5C7E-F0A5-4B2E-83DD-AECA6A1AAC4C}.Debug|Any CPU.ActiveCfg = Debug|Any CPU
		{EFFE5C7E-F0A5-4B2E-83DD-AECA6A1AAC4C}.Debug|Any CPU.Build.0 = Debug|Any CPU
		{EFFE5C7E-F0A5-4B2E-83DD-AECA6A1AAC4C}.Debug|x64.ActiveCfg = Debug|Any CPU
		{EFFE5C7E-F0A5-4B2E-83DD-AECA6A1AAC4C}.Debug|x64.Build.0 = Debug|Any CPU
		{EFFE5C7E-F0A5-4B2E-83DD-AECA6A1AAC4C}.Debug|x86.ActiveCfg = Debug|Any CPU
		{EFFE5C7E-F0A5-4B2E-83DD-AECA6A1AAC4C}.Debug|x86.Build.0 = Debug|Any CPU
		{EFFE5C7E-F0A5-4B2E-83DD-AECA6A1AAC4C}.Release|Any CPU.ActiveCfg = Release|Any CPU
		{EFFE5C7E-F0A5-4B2E-83DD-AECA6A1AAC4C}.Release|Any CPU.Build.0 = Release|Any CPU
		{EFFE5C7E-F0A5-4B2E-83DD-AECA6A1AAC4C}.Release|x64.ActiveCfg = Release|Any CPU
		{EFFE5C7E-F0A5-4B2E-83DD-AECA6A1AAC4C}.Release|x64.Build.0 = Release|Any CPU
		{EFFE5C7E-F0A5-4B2E-83DD-AECA6A1AAC4C}.Release|x86.ActiveCfg = Release|Any CPU
		{EFFE5C7E-F0A5-4B2E-83DD-AECA6A1AAC4C}.Release|x86.Build.0 = Release|Any CPU
		{0A6C2A60-5F39-4C34-919B-2D8CA68C1E9B}.Debug|Any CPU.ActiveCfg = Debug|Any CPU
		{0A6C2A60-5F39-4C34-919B-2D8CA68C1E9B}.Debug|Any CPU.Build.0 = Debug|Any CPU
		{0A6C2A60-5F39-4C34-919B-2D8CA68C1E9B}.Debug|x64.ActiveCfg = Debug|Any CPU
		{0A6C2A60-5F39-4C34-919B-2D8CA68C1E9B}.Debug|x64.Build.0 = Debug|Any CPU
		{0A6C2A60-5F39-4C34-919B-2D8CA68C1E9B}.Debug|x86.ActiveCfg = Debug|Any CPU
		{0A6C2A60-5F39-4C34-919B-2D8CA68C1E9B}.Debug|x86.Build.0 = Debug|Any CPU
		{0A6C2A60-5F39-4C34-919B-2D8CA68C1E9B}.Release|Any CPU.ActiveCfg = Release|Any CPU
		{0A6C2A60-5F39-4C34-919B-2D8CA68C1E9B}.Release|Any CPU.Build.0 = Release|Any CPU
		{0A6C2A60-5F39-4C34-919B-2D8CA68C1E9B}.Release|x64.ActiveCfg = Release|Any CPU
		{0A6C2A60-5F39-4C34-919B-2D8CA68C1E9B}.Release|x64.Build.0 = Release|Any CPU
		{0A6C2A60-5F39-4C34-919B-2D8CA68C1E9B}.Release|x86.ActiveCfg = Release|Any CPU
		{0A6C2A60-5F39-4C34-919B-2D8CA68C1E9B}.Release|x86.Build.0 = Release|Any CPU
		{87963B6F-950E-4F99-9606-FE05AF708211}.Debug|Any CPU.ActiveCfg = Debug|Any CPU
		{87963B6F-950E-4F99-9606-FE05AF708211}.Debug|Any CPU.Build.0 = Debug|Any CPU
		{87963B6F-950E-4F99-9606-FE05AF708211}.Debug|x64.ActiveCfg = Debug|Any CPU
		{87963B6F-950E-4F99-9606-FE05AF708211}.Debug|x64.Build.0 = Debug|Any CPU
		{87963B6F-950E-4F99-9606-FE05AF708211}.Debug|x86.ActiveCfg = Debug|Any CPU
		{87963B6F-950E-4F99-9606-FE05AF708211}.Debug|x86.Build.0 = Debug|Any CPU
		{87963B6F-950E-4F99-9606-FE05AF708211}.Release|Any CPU.ActiveCfg = Release|Any CPU
		{87963B6F-950E-4F99-9606-FE05AF708211}.Release|Any CPU.Build.0 = Release|Any CPU
		{87963B6F-950E-4F99-9606-FE05AF708211}.Release|x64.ActiveCfg = Release|Any CPU
		{87963B6F-950E-4F99-9606-FE05AF708211}.Release|x64.Build.0 = Release|Any CPU
		{87963B6F-950E-4F99-9606-FE05AF708211}.Release|x86.ActiveCfg = Release|Any CPU
		{87963B6F-950E-4F99-9606-FE05AF708211}.Release|x86.Build.0 = Release|Any CPU
	EndGlobalSection
	GlobalSection(SolutionProperties) = preSolution
		HideSolutionNode = FALSE
	EndGlobalSection
	GlobalSection(NestedProjects) = preSolution
		{2B0A771A-320D-41F3-A81E-043C25FABC80} = {827E0CD3-B72D-47B6-A68D-7590B98EB39B}
		{C37249C4-B987-4CD4-81D2-3B2065DE0AC9} = {827E0CD3-B72D-47B6-A68D-7590B98EB39B}
		{4AED5386-F153-479D-A8E8-898957AD0911} = {827E0CD3-B72D-47B6-A68D-7590B98EB39B}
		{31F529D7-0F8A-4177-8A66-9719665EACC4} = {827E0CD3-B72D-47B6-A68D-7590B98EB39B}
		{B33C4166-ADF0-4369-B26C-993953808E55} = {827E0CD3-B72D-47B6-A68D-7590B98EB39B}
		{EFFE5C7E-F0A5-4B2E-83DD-AECA6A1AAC4C} = {0AB3BF05-4346-4AA6-1389-037BE0695223}
		{0A6C2A60-5F39-4C34-919B-2D8CA68C1E9B} = {0AB3BF05-4346-4AA6-1389-037BE0695223}
		{87963B6F-950E-4F99-9606-FE05AF708211} = {0AB3BF05-4346-4AA6-1389-037BE0695223}
	EndGlobalSection
EndGlobal
